
Microsoft Visual Studio Solution File, Format Version 12.00
# Visual Studio 2012
Project("{FAE04EC0-301F-11D3-BF4B-00C04F79EFBC}") = "Kernel.HttpServer.Demo", "Kernel.HttpServer.Demo\Kernel.HttpServer.Demo.csproj", "{C3CEDC78-BA9D-4F96-AFF9-B1AD7651E2D0}"
EndProject
Project("{FAE04EC0-301F-11D3-BF4B-00C04F79EFBC}") = "Kernel.HttpServer", "Kernel.HttpServer\Kernel.HttpServer.csproj", "{EF18E547-D62C-4190-99C5-6F6A032326EB}"
EndProject
Global
	GlobalSection(SolutionConfigurationPlatforms) = preSolution
		Debug|Any CPU = Debug|Any CPU
		Release|Any CPU = Release|Any CPU
	EndGlobalSection
	GlobalSection(ProjectConfigurationPlatforms) = postSolution
		{C3CEDC78-BA9D-4F96-AFF9-B1AD7651E2D0}.Debug|Any CPU.ActiveCfg = Debug|Any CPU
		{C3CEDC78-BA9D-4F96-AFF9-B1AD7651E2D0}.Debug|Any CPU.Build.0 = Debug|Any CPU
		{C3CEDC78-BA9D-4F96-AFF9-B1AD7651E2D0}.Release|Any CPU.ActiveCfg = Release|Any CPU
		{C3CEDC78-BA9D-4F96-AFF9-B1AD7651E2D0}.Release|Any CPU.Build.0 = Release|Any CPU
		{EF18E547-D62C-4190-99C5-6F6A032326EB}.Debug|Any CPU.ActiveCfg = Debug|Any CPU
		{EF18E547-D62C-4190-99C5-6F6A032326EB}.Debug|Any CPU.Build.0 = Debug|Any CPU
		{EF18E547-D62C-4190-99C5-6F6A032326EB}.Release|Any CPU.ActiveCfg = Release|Any CPU
		{EF18E547-D62C-4190-99C5-6F6A032326EB}.Release|Any CPU.Build.0 = Release|Any CPU
	EndGlobalSection
	GlobalSection(SolutionProperties) = preSolution
		HideSolutionNode = FALSE
	EndGlobalSection
EndGlobal
